// !$*UTF8*$!
{
	archiveVersion = 1;
	classes = {
	};
	objectVersion = 56;
	objects = {

/* Begin PBXBuildFile section */
		B2082F0E296FF261006841CC /* ToDoSampleApp.swift in Sources */ = {isa = PBXBuildFile; fileRef = B2082F0D296FF261006841CC /* ToDoSampleApp.swift */; };
		B2082F10296FF261006841CC /* ContentView.swift in Sources */ = {isa = PBXBuildFile; fileRef = B2082F0F296FF261006841CC /* ContentView.swift */; };
		B2082F12296FF264006841CC /* Assets.xcassets in Resources */ = {isa = PBXBuildFile; fileRef = B2082F11296FF264006841CC /* Assets.xcassets */; };
		B2082F15296FF264006841CC /* Preview Assets.xcassets in Resources */ = {isa = PBXBuildFile; fileRef = B2082F14296FF264006841CC /* Preview Assets.xcassets */; };
		B2082F21296FF57E006841CC /* ToDo.swift in Sources */ = {isa = PBXBuildFile; fileRef = B2082F20296FF57E006841CC /* ToDo.swift */; };
		B2082F23296FF683006841CC /* ToDoError.swift in Sources */ = {isa = PBXBuildFile; fileRef = B2082F22296FF683006841CC /* ToDoError.swift */; };
		B2082F25296FF8E3006841CC /* ModalType.swift in Sources */ = {isa = PBXBuildFile; fileRef = B2082F24296FF8E3006841CC /* ModalType.swift */; };
		B2082F27296FFA41006841CC /* ToDoFormViewModel.swift in Sources */ = {isa = PBXBuildFile; fileRef = B2082F26296FFA41006841CC /* ToDoFormViewModel.swift */; };
		B2082F29296FFB62006841CC /* DataStore.swift in Sources */ = {isa = PBXBuildFile; fileRef = B2082F28296FFB62006841CC /* DataStore.swift */; };
		B2082F2B297003C2006841CC /* FileManager+Extension.swift in Sources */ = {isa = PBXBuildFile; fileRef = B2082F2A297003C2006841CC /* FileManager+Extension.swift */; };
		B2082F2D297140E6006841CC /* ToDoFormView.swift in Sources */ = {isa = PBXBuildFile; fileRef = B2082F2C297140E6006841CC /* ToDoFormView.swift */; };
/* End PBXBuildFile section */

/* Begin PBXFileReference section */
		B2082F0A296FF261006841CC /* ToDoSample.app */ = {isa = PBXFileReference; explicitFileType = wrapper.application; includeInIndex = 0; path = ToDoSample.app; sourceTree = BUILT_PRODUCTS_DIR; };
		B2082F0D296FF261006841CC /* ToDoSampleApp.swift */ = {isa = PBXFileReference; lastKnownFileType = sourcecode.swift; path = ToDoSampleApp.swift; sourceTree = "<group>"; };
		B2082F0F296FF261006841CC /* ContentView.swift */ = {isa = PBXFileReference; lastKnownFileType = sourcecode.swift; path = ContentView.swift; sourceTree = "<group>"; };
		B2082F11296FF264006841CC /* Assets.xcassets */ = {isa = PBXFileReference; lastKnownFileType = folder.assetcatalog; path = Assets.xcassets; sourceTree = "<group>"; };
		B2082F14296FF264006841CC /* Preview Assets.xcassets */ = {isa = PBXFileReference; lastKnownFileType = folder.assetcatalog; path = "Preview Assets.xcassets"; sourceTree = "<group>"; };
		B2082F20296FF57E006841CC /* ToDo.swift */ = {isa = PBXFileReference; lastKnownFileType = sourcecode.swift; path = ToDo.swift; sourceTree = "<group>"; };
		B2082F22296FF683006841CC /* ToDoError.swift */ = {isa = PBXFileReference; lastKnownFileType = sourcecode.swift; path = ToDoError.swift; sourceTree = "<group>"; };
		B2082F24296FF8E3006841CC /* ModalType.swift */ = {isa = PBXFileReference; lastKnownFileType = sourcecode.swift; path = ModalType.swift; sourceTree = "<group>"; };
		B2082F26296FFA41006841CC /* ToDoFormViewModel.swift */ = {isa = PBXFileReference; lastKnownFileType = sourcecode.swift; path = ToDoFormViewModel.swift; sourceTree = "<group>"; };
		B2082F28296FFB62006841CC /* DataStore.swift */ = {isa = PBXFileReference; lastKnownFileType = sourcecode.swift; path = DataStore.swift; sourceTree = "<group>"; };
		B2082F2A297003C2006841CC /* FileManager+Extension.swift */ = {isa = PBXFileReference; lastKnownFileType = sourcecode.swift; path = "FileManager+Extension.swift"; sourceTree = "<group>"; };
		B2082F2C297140E6006841CC /* ToDoFormView.swift */ = {isa = PBXFileReference; lastKnownFileType = sourcecode.swift; path = ToDoFormView.swift; sourceTree = "<group>"; };
/* End PBXFileReference section */

/* Begin PBXFrameworksBuildPhase section */
		B2082F07296FF261006841CC /* Frameworks */ = {
			isa = PBXFrameworksBuildPhase;
			buildActionMask = 2147483647;
			files = (
			);
			runOnlyForDeploymentPostprocessing = 0;
		};
/* End PBXFrameworksBuildPhase section */

/* Begin PBXGroup section */
		B2082F01296FF261006841CC = {
			isa = PBXGroup;
			children = (
				B2082F0C296FF261006841CC /* ToDoSample */,
				B2082F0B296FF261006841CC /* Products */,
			);
			sourceTree = "<group>";
		};
		B2082F0B296FF261006841CC /* Products */ = {
			isa = PBXGroup;
			children = (
				B2082F0A296FF261006841CC /* ToDoSample.app */,
			);
			name = Products;
			sourceTree = "<group>";
		};
		B2082F0C296FF261006841CC /* ToDoSample */ = {
			isa = PBXGroup;
			children = (
				B2082F1F296FF39A006841CC /* Extensions */,
				B2082F1E296FF389006841CC /* ViewModels */,
				B2082F1D296FF381006841CC /* Models */,
				B2082F1B296FF366006841CC /* Views */,
				B2082F0D296FF261006841CC /* ToDoSampleApp.swift */,
				B2082F0F296FF261006841CC /* ContentView.swift */,
				B2082F11296FF264006841CC /* Assets.xcassets */,
				B2082F13296FF264006841CC /* Preview Content */,
			);
			path = ToDoSample;
			sourceTree = "<group>";
		};
		B2082F13296FF264006841CC /* Preview Content */ = {
			isa = PBXGroup;
			children = (
				B2082F14296FF264006841CC /* Preview Assets.xcassets */,
			);
			path = "Preview Content";
			sourceTree = "<group>";
		};
		B2082F1B296FF366006841CC /* Views */ = {
			isa = PBXGroup;
			children = (
				B2082F2C297140E6006841CC /* ToDoFormView.swift */,
			);
			path = Views;
			sourceTree = "<group>";
		};
		B2082F1D296FF381006841CC /* Models */ = {
			isa = PBXGroup;
			children = (
				B2082F20296FF57E006841CC /* ToDo.swift */,
				B2082F22296FF683006841CC /* ToDoError.swift */,
				B2082F24296FF8E3006841CC /* ModalType.swift */,
			);
			path = Models;
			sourceTree = "<group>";
		};
		B2082F1E296FF389006841CC /* ViewModels */ = {
			isa = PBXGroup;
			children = (
				B2082F26296FFA41006841CC /* ToDoFormViewModel.swift */,
				B2082F28296FFB62006841CC /* DataStore.swift */,
			);
			path = ViewModels;
			sourceTree = "<group>";
		};
		B2082F1F296FF39A006841CC /* Extensions */ = {
			isa = PBXGroup;
			children = (
				B2082F2A297003C2006841CC /* FileManager+Extension.swift */,
			);
			path = Extensions;
			sourceTree = "<group>";
		};
/* End PBXGroup section */

/* Begin PBXNativeTarget section */
		B2082F09296FF261006841CC /* ToDoSample */ = {
			isa = PBXNativeTarget;
			buildConfigurationList = B2082F18296FF264006841CC /* Build configuration list for PBXNativeTarget "ToDoSample" */;
			buildPhases = (
				B2082F06296FF261006841CC /* Sources */,
				B2082F07296FF261006841CC /* Frameworks */,
				B2082F08296FF261006841CC /* Resources */,
			);
			buildRules = (
			);
			dependencies = (
			);
			name = ToDoSample;
			productName = ToDoSample;
			productReference = B2082F0A296FF261006841CC /* ToDoSample.app */;
			productType = "com.apple.product-type.application";
		};
/* End PBXNativeTarget section */

/* Begin PBXProject section */
		B2082F02296FF261006841CC /* Project object */ = {
			isa = PBXProject;
			attributes = {
				BuildIndependentTargetsInParallel = 1;
				LastSwiftUpdateCheck = 1410;
				LastUpgradeCheck = 1410;
				TargetAttributes = {
					B2082F09296FF261006841CC = {
						CreatedOnToolsVersion = 14.1;
					};
				};
			};
			buildConfigurationList = B2082F05296FF261006841CC /* Build configuration list for PBXProject "ToDoSample" */;
			compatibilityVersion = "Xcode 14.0";
			developmentRegion = en;
			hasScannedForEncodings = 0;
			knownRegions = (
				en,
				Base,
			);
			mainGroup = B2082F01296FF261006841CC;
			productRefGroup = B2082F0B296FF261006841CC /* Products */;
			projectDirPath = "";
			projectRoot = "";
			targets = (
				B2082F09296FF261006841CC /* ToDoSample */,
			);
		};
/* End PBXProject section */

/* Begin PBXResourcesBuildPhase section */
		B2082F08296FF261006841CC /* Resources */ = {
			isa = PBXResourcesBuildPhase;
			buildActionMask = 2147483647;
			files = (
				B2082F15296FF264006841CC /* Preview Assets.xcassets in Resources */,
				B2082F12296FF264006841CC /* Assets.xcassets in Resources */,
			);
			runOnlyForDeploymentPostprocessing = 0;
		};
/* End PBXResourcesBuildPhase section */

/* Begin PBXSourcesBuildPhase section */
		B2082F06296FF261006841CC /* Sources */ = {
			isa = PBXSourcesBuildPhase;
			buildActionMask = 2147483647;
			files = (
				B2082F29296FFB62006841CC /* DataStore.swift in Sources */,
				B2082F2B297003C2006841CC /* FileManager+Extension.swift in Sources */,
				B2082F25296FF8E3006841CC /* ModalType.swift in Sources */,
				B2082F21296FF57E006841CC /* ToDo.swift in Sources */,
				B2082F27296FFA41006841CC /* ToDoFormViewModel.swift in Sources */,
				B2082F10296FF261006841CC /* ContentView.swift in Sources */,
				B2082F2D297140E6006841CC /* ToDoFormView.swift in Sources */,
				B2082F23296FF683006841CC /* ToDoError.swift in Sources */,
				B2082F0E296FF261006841CC /* ToDoSampleApp.swift in Sources */,
			);
			runOnlyForDeploymentPostprocessing = 0;
		};
/* End PBXSourcesBuildPhase section */

/* Begin XCBuildConfiguration section */
		B2082F16296FF264006841CC /* Debug */ = {
			isa = XCBuildConfiguration;
			buildSettings = {
				ALWAYS_SEARCH_USER_PATHS = NO;
				CLANG_ANALYZER_NONNULL = YES;
				CLANG_ANALYZER_NUMBER_OBJECT_CONVERSION = YES_AGGRESSIVE;
				CLANG_CXX_LANGUAGE_STANDARD = "gnu++20";
				CLANG_ENABLE_MODULES = YES;
				CLANG_ENABLE_OBJC_ARC = YES;
				CLANG_ENABLE_OBJC_WEAK = YES;
				CLANG_WARN_BLOCK_CAPTURE_AUTORELEASING = YES;
				CLANG_WARN_BOOL_CONVERSION = YES;
				CLANG_WARN_COMMA = YES;
				CLANG_WARN_CONSTANT_CONVERSION = YES;
				CLANG_WARN_DEPRECATED_OBJC_IMPLEMENTATIONS = YES;
				CLANG_WARN_DIRECT_OBJC_ISA_USAGE = YES_ERROR;
				CLANG_WARN_DOCUMENTATION_COMMENTS = YES;
				CLANG_WARN_EMPTY_BODY = YES;
				CLANG_WARN_ENUM_CONVERSION = YES;
				CLANG_WARN_INFINITE_RECURSION = YES;
				CLANG_WARN_INT_CONVERSION = YES;
				CLANG_WARN_NON_LITERAL_NULL_CONVERSION = YES;
				CLANG_WARN_OBJC_IMPLICIT_RETAIN_SELF = YES;
				CLANG_WARN_OBJC_LITERAL_CONVERSION = YES;
				CLANG_WARN_OBJC_ROOT_CLASS = YES_ERROR;
				CLANG_WARN_QUOTED_INCLUDE_IN_FRAMEWORK_HEADER = YES;
				CLANG_WARN_RANGE_LOOP_ANALYSIS = YES;
				CLANG_WARN_STRICT_PROTOTYPES = YES;
				CLANG_WARN_SUSPICIOUS_MOVE = YES;
				CLANG_WARN_UNGUARDED_AVAILABILITY = YES_AGGRESSIVE;
				CLANG_WARN_UNREACHABLE_CODE = YES;
				CLANG_WARN__DUPLICATE_METHOD_MATCH = YES;
				COPY_PHASE_STRIP = NO;
				DEBUG_INFORMATION_FORMAT = dwarf;
				ENABLE_STRICT_OBJC_MSGSEND = YES;
				ENABLE_TESTABILITY = YES;
				GCC_C_LANGUAGE_STANDARD = gnu11;
				GCC_DYNAMIC_NO_PIC = NO;
				GCC_NO_COMMON_BLOCKS = YES;
				GCC_OPTIMIZATION_LEVEL = 0;
				GCC_PREPROCESSOR_DEFINITIONS = (
					"DEBUG=1",
					"$(inherited)",
				);
				GCC_WARN_64_TO_32_BIT_CONVERSION = YES;
				GCC_WARN_ABOUT_RETURN_TYPE = YES_ERROR;
				GCC_WARN_UNDECLARED_SELECTOR = YES;
				GCC_WARN_UNINITIALIZED_AUTOS = YES_AGGRESSIVE;
				GCC_WARN_UNUSED_FUNCTION = YES;
				GCC_WARN_UNUSED_VARIABLE = YES;
				IPHONEOS_DEPLOYMENT_TARGET = 16.1;
				MTL_ENABLE_DEBUG_INFO = INCLUDE_SOURCE;
				MTL_FAST_MATH = YES;
				ONLY_ACTIVE_ARCH = YES;
				SDKROOT = iphoneos;
				SWIFT_ACTIVE_COMPILATION_CONDITIONS = DEBUG;
				SWIFT_OPTIMIZATION_LEVEL = "-Onone";
			};
			name = Debug;
		};
		B2082F17296FF264006841CC /* Release */ = {
			isa = XCBuildConfiguration;
			buildSettings = {
				ALWAYS_SEARCH_USER_PATHS = NO;
				CLANG_ANALYZER_NONNULL = YES;
				CLANG_ANALYZER_NUMBER_OBJECT_CONVERSION = YES_AGGRESSIVE;
				CLANG_CXX_LANGUAGE_STANDARD = "gnu++20";
				CLANG_ENABLE_MODULES = YES;
				CLANG_ENABLE_OBJC_ARC = YES;
				CLANG_ENABLE_OBJC_WEAK = YES;
				CLANG_WARN_BLOCK_CAPTURE_AUTORELEASING = YES;
				CLANG_WARN_BOOL_CONVERSION = YES;
				CLANG_WARN_COMMA = YES;
				CLANG_WARN_CONSTANT_CONVERSION = YES;
				CLANG_WARN_DEPRECATED_OBJC_IMPLEMENTATIONS = YES;
				CLANG_WARN_DIRECT_OBJC_ISA_USAGE = YES_ERROR;
				CLANG_WARN_DOCUMENTATION_COMMENTS = YES;
				CLANG_WARN_EMPTY_BODY = YES;
				CLANG_WARN_ENUM_CONVERSION = YES;
				CLANG_WARN_INFINITE_RECURSION = YES;
				CLANG_WARN_INT_CONVERSION = YES;
				CLANG_WARN_NON_LITERAL_NULL_CONVERSION = YES;
				CLANG_WARN_OBJC_IMPLICIT_RETAIN_SELF = YES;
				CLANG_WARN_OBJC_LITERAL_CONVERSION = YES;
				CLANG_WARN_OBJC_ROOT_CLASS = YES_ERROR;
				CLANG_WARN_QUOTED_INCLUDE_IN_FRAMEWORK_HEADER = YES;
				CLANG_WARN_RANGE_LOOP_ANALYSIS = YES;
				CLANG_WARN_STRICT_PROTOTYPES = YES;
				CLANG_WARN_SUSPICIOUS_MOVE = YES;
				CLANG_WARN_UNGUARDED_AVAILABILITY = YES_AGGRESSIVE;
				CLANG_WARN_UNREACHABLE_CODE = YES;
				CLANG_WARN__DUPLICATE_METHOD_MATCH = YES;
				COPY_PHASE_STRIP = NO;
				DEBUG_INFORMATION_FORMAT = "dwarf-with-dsym";
				ENABLE_NS_ASSERTIONS = NO;
				ENABLE_STRICT_OBJC_MSGSEND = YES;
				GCC_C_LANGUAGE_STANDARD = gnu11;
				GCC_NO_COMMON_BLOCKS = YES;
				GCC_WARN_64_TO_32_BIT_CONVERSION = YES;
				GCC_WARN_ABOUT_RETURN_TYPE = YES_ERROR;
				GCC_WARN_UNDECLARED_SELECTOR = YES;
				GCC_WARN_UNINITIALIZED_AUTOS = YES_AGGRESSIVE;
				GCC_WARN_UNUSED_FUNCTION = YES;
				GCC_WARN_UNUSED_VARIABLE = YES;
				IPHONEOS_DEPLOYMENT_TARGET = 16.1;
				MTL_ENABLE_DEBUG_INFO = NO;
				MTL_FAST_MATH = YES;
				SDKROOT = iphoneos;
				SWIFT_COMPILATION_MODE = wholemodule;
				SWIFT_OPTIMIZATION_LEVEL = "-O";
				VALIDATE_PRODUCT = YES;
			};
			name = Release;
		};
		B2082F19296FF264006841CC /* Debug */ = {
			isa = XCBuildConfiguration;
			buildSettings = {
				ASSETCATALOG_COMPILER_APPICON_NAME = AppIcon;
				ASSETCATALOG_COMPILER_GLOBAL_ACCENT_COLOR_NAME = AccentColor;
				CODE_SIGN_STYLE = Automatic;
				CURRENT_PROJECT_VERSION = 1;
				DEVELOPMENT_ASSET_PATHS = "\"ToDoSample/Preview Content\"";
				ENABLE_PREVIEWS = YES;
				GENERATE_INFOPLIST_FILE = YES;
				INFOPLIST_KEY_UIApplicationSceneManifest_Generation = YES;
				INFOPLIST_KEY_UIApplicationSupportsIndirectInputEvents = YES;
				INFOPLIST_KEY_UILaunchScreen_Generation = YES;
				INFOPLIST_KEY_UISupportedInterfaceOrientations_iPad = "UIInterfaceOrientationPortrait UIInterfaceOrientationPortraitUpsideDown UIInterfaceOrientationLandscapeLeft UIInterfaceOrientationLandscapeRight";
				INFOPLIST_KEY_UISupportedInterfaceOrientations_iPhone = "UIInterfaceOrientationPortrait UIInterfaceOrientationLandscapeLeft UIInterfaceOrientationLandscapeRight";
				LD_RUNPATH_SEARCH_PATHS = (
					"$(inherited)",
					"@executable_path/Frameworks",
				);
				MARKETING_VERSION = 1.0;
				PRODUCT_BUNDLE_IDENTIFIER = radik.ToDoSample;
				PRODUCT_NAME = "$(TARGET_NAME)";
				SWIFT_EMIT_LOC_STRINGS = YES;
				SWIFT_VERSION = 5.0;
				TARGETED_DEVICE_FAMILY = "1,2";
			};
			name = Debug;
		};
		B2082F1A296FF264006841CC /* Release */ = {
			isa = XCBuildConfiguration;
			buildSettings = {
				ASSETCATALOG_COMPILER_APPICON_NAME = AppIcon;
				ASSETCATALOG_COMPILER_GLOBAL_ACCENT_COLOR_NAME = AccentColor;
				CODE_SIGN_STYLE = Automatic;
				CURRENT_PROJECT_VERSION = 1;
				DEVELOPMENT_ASSET_PATHS = "\"ToDoSample/Preview Content\"";
				ENABLE_PREVIEWS = YES;
				GENERATE_INFOPLIST_FILE = YES;
				INFOPLIST_KEY_UIApplicationSceneManifest_Generation = YES;
				INFOPLIST_KEY_UIApplicationSupportsIndirectInputEvents = YES;
				INFOPLIST_KEY_UILaunchScreen_Generation = YES;
				INFOPLIST_KEY_UISupportedInterfaceOrientations_iPad = "UIInterfaceOrientationPortrait UIInterfaceOrientationPortraitUpsideDown UIInterfaceOrientationLandscapeLeft UIInterfaceOrientationLandscapeRight";
				INFOPLIST_KEY_UISupportedInterfaceOrientations_iPhone = "UIInterfaceOrientationPortrait UIInterfaceOrientationLandscapeLeft UIInterfaceOrientationLandscapeRight";
				LD_RUNPATH_SEARCH_PATHS = (
					"$(inherited)",
					"@executable_path/Frameworks",
				);
				MARKETING_VERSION = 1.0;
				PRODUCT_BUNDLE_IDENTIFIER = radik.ToDoSample;
				PRODUCT_NAME = "$(TARGET_NAME)";
				SWIFT_EMIT_LOC_STRINGS = YES;
				SWIFT_VERSION = 5.0;
				TARGETED_DEVICE_FAMILY = "1,2";
			};
			name = Release;
		};
/* End XCBuildConfiguration section */

/* Begin XCConfigurationList section */
		B2082F05296FF261006841CC /* Build configuration list for PBXProject "ToDoSample" */ = {
			isa = XCConfigurationList;
			buildConfigurations = (
				B2082F16296FF264006841CC /* Debug */,
				B2082F17296FF264006841CC /* Release */,
			);
			defaultConfigurationIsVisible = 0;
			defaultConfigurationName = Release;
		};
		B2082F18296FF264006841CC /* Build configuration list for PBXNativeTarget "ToDoSample" */ = {
			isa = XCConfigurationList;
			buildConfigurations = (
				B2082F19296FF264006841CC /* Debug */,
				B2082F1A296FF264006841CC /* Release */,
			);
			defaultConfigurationIsVisible = 0;
			defaultConfigurationName = Release;
		};
/* End XCConfigurationList section */
	};
	rootObject = B2082F02296FF261006841CC /* Project object */;
}
